// !$*UTF8*$!
{
	archiveVersion = 1;
	classes = {
	};
	objectVersion = 48;
	objects = {

/* Begin PBXBuildFile section */
		00CE65D91FBD885400C405C4 /* AppDelegate.swift in Sources */ = {isa = PBXBuildFile; fileRef = 00CE65D81FBD885400C405C4 /* AppDelegate.swift */; };
		00CE65DB1FBD885400C405C4 /* ViewController.swift in Sources */ = {isa = PBXBuildFile; fileRef = 00CE65DA1FBD885400C405C4 /* ViewController.swift */; };
		00CE65DE1FBD885400C405C4 /* Main.storyboard in Resources */ = {isa = PBXBuildFile; fileRef = 00CE65DC1FBD885400C405C4 /* Main.storyboard */; };
		00CE65E11FBD885400C405C4 /* junchannnel.xcdatamodeld in Sources */ = {isa = PBXBuildFile; fileRef = 00CE65DF1FBD885400C405C4 /* junchannnel.xcdatamodeld */; };
		00CE65E31FBD885400C405C4 /* Assets.xcassets in Resources */ = {isa = PBXBuildFile; fileRef = 00CE65E21FBD885400C405C4 /* Assets.xcassets */; };
		00CE65E61FBD885400C405C4 /* LaunchScreen.storyboard in Resources */ = {isa = PBXBuildFile; fileRef = 00CE65E41FBD885400C405C4 /* LaunchScreen.storyboard */; };
		00CE65F11FBD885500C405C4 /* junchannnelTests.swift in Sources */ = {isa = PBXBuildFile; fileRef = 00CE65F01FBD885500C405C4 /* junchannnelTests.swift */; };
		00CE65FC1FBD885500C405C4 /* junchannnelUITests.swift in Sources */ = {isa = PBXBuildFile; fileRef = 00CE65FB1FBD885500C405C4 /* junchannnelUITests.swift */; };
/* End PBXBuildFile section */

/* Begin PBXContainerItemProxy section */
		00CE65ED1FBD885500C405C4 /* PBXContainerItemProxy */ = {
			isa = PBXContainerItemProxy;
			containerPortal = 00CE65CD1FBD885400C405C4 /* Project object */;
			proxyType = 1;
			remoteGlobalIDString = 00CE65D41FBD885400C405C4;
			remoteInfo = junchannnel;
		};
		00CE65F81FBD885500C405C4 /* PBXContainerItemProxy */ = {
			isa = PBXContainerItemProxy;
			containerPortal = 00CE65CD1FBD885400C405C4 /* Project object */;
			proxyType = 1;
			remoteGlobalIDString = 00CE65D41FBD885400C405C4;
			remoteInfo = junchannnel;
		};
/* End PBXContainerItemProxy section */

/* Begin PBXFileReference section */
		00CE65D51FBD885400C405C4 /* junchannnel.app */ = {isa = PBXFileReference; explicitFileType = wrapper.application; includeInIndex = 0; path = junchannnel.app; sourceTree = BUILT_PRODUCTS_DIR; };
		00CE65D81FBD885400C405C4 /* AppDelegate.swift */ = {isa = PBXFileReference; lastKnownFileType = sourcecode.swift; path = AppDelegate.swift; sourceTree = "<group>"; };
		00CE65DA1FBD885400C405C4 /* ViewController.swift */ = {isa = PBXFileReference; lastKnownFileType = sourcecode.swift; path = ViewController.swift; sourceTree = "<group>"; };
		00CE65DD1FBD885400C405C4 /* Base */ = {isa = PBXFileReference; lastKnownFileType = file.storyboard; name = Base; path = Base.lproj/Main.storyboard; sourceTree = "<group>"; };
		00CE65E01FBD885400C405C4 /* junchannnel.xcdatamodel */ = {isa = PBXFileReference; lastKnownFileType = wrapper.xcdatamodel; path = junchannnel.xcdatamodel; sourceTree = "<group>"; };
		00CE65E21FBD885400C405C4 /* Assets.xcassets */ = {isa = PBXFileReference; lastKnownFileType = folder.assetcatalog; path = Assets.xcassets; sourceTree = "<group>"; };
		00CE65E51FBD885400C405C4 /* Base */ = {isa = PBXFileReference; lastKnownFileType = file.storyboard; name = Base; path = Base.lproj/LaunchScreen.storyboard; sourceTree = "<group>"; };
		00CE65E71FBD885400C405C4 /* Info.plist */ = {isa = PBXFileReference; lastKnownFileType = text.plist.xml; path = Info.plist; sourceTree = "<group>"; };
		00CE65EC1FBD885500C405C4 /* junchannnelTests.xctest */ = {isa = PBXFileReference; explicitFileType = wrapper.cfbundle; includeInIndex = 0; path = junchannnelTests.xctest; sourceTree = BUILT_PRODUCTS_DIR; };
		00CE65F01FBD885500C405C4 /* junchannnelTests.swift */ = {isa = PBXFileReference; lastKnownFileType = sourcecode.swift; path = junchannnelTests.swift; sourceTree = "<group>"; };
		00CE65F21FBD885500C405C4 /* Info.plist */ = {isa = PBXFileReference; lastKnownFileType = text.plist.xml; path = Info.plist; sourceTree = "<group>"; };
		00CE65F71FBD885500C405C4 /* junchannnelUITests.xctest */ = {isa = PBXFileReference; explicitFileType = wrapper.cfbundle; includeInIndex = 0; path = junchannnelUITests.xctest; sourceTree = BUILT_PRODUCTS_DIR; };
		00CE65FB1FBD885500C405C4 /* junchannnelUITests.swift */ = {isa = PBXFileReference; lastKnownFileType = sourcecode.swift; path = junchannnelUITests.swift; sourceTree = "<group>"; };
		00CE65FD1FBD885500C405C4 /* Info.plist */ = {isa = PBXFileReference; lastKnownFileType = text.plist.xml; path = Info.plist; sourceTree = "<group>"; };
/* End PBXFileReference section */

/* Begin PBXFrameworksBuildPhase section */
		00CE65D21FBD885400C405C4 /* Frameworks */ = {
			isa = PBXFrameworksBuildPhase;
			buildActionMask = 2147483647;
			files = (
			);
			runOnlyForDeploymentPostprocessing = 0;
		};
		00CE65E91FBD885500C405C4 /* Frameworks */ = {
			isa = PBXFrameworksBuildPhase;
			buildActionMask = 2147483647;
			files = (
			);
			runOnlyForDeploymentPostprocessing = 0;
		};
		00CE65F41FBD885500C405C4 /* Frameworks */ = {
			isa = PBXFrameworksBuildPhase;
			buildActionMask = 2147483647;
			files = (
			);
			runOnlyForDeploymentPostprocessing = 0;
		};
/* End PBXFrameworksBuildPhase section */

/* Begin PBXGroup section */
		00CE65CC1FBD885400C405C4 = {
			isa = PBXGroup;
			children = (
				00CE65D71FBD885400C405C4 /* junchannnel */,
				00CE65EF1FBD885500C405C4 /* junchannnelTests */,
				00CE65FA1FBD885500C405C4 /* junchannnelUITests */,
				00CE65D61FBD885400C405C4 /* Products */,
			);
			sourceTree = "<group>";
		};
		00CE65D61FBD885400C405C4 /* Products */ = {
			isa = PBXGroup;
			children = (
				00CE65D51FBD885400C405C4 /* junchannnel.app */,
				00CE65EC1FBD885500C405C4 /* junchannnelTests.xctest */,
				00CE65F71FBD885500C405C4 /* junchannnelUITests.xctest */,
			);
			name = Products;
			sourceTree = "<group>";
		};
		00CE65D71FBD885400C405C4 /* junchannnel */ = {
			isa = PBXGroup;
			children = (
				00CE65D81FBD885400C405C4 /* AppDelegate.swift */,
				00CE65DA1FBD885400C405C4 /* ViewController.swift */,
				00CE65DC1FBD885400C405C4 /* Main.storyboard */,
				00CE65E21FBD885400C405C4 /* Assets.xcassets */,
				00CE65E41FBD885400C405C4 /* LaunchScreen.storyboard */,
				00CE65E71FBD885400C405C4 /* Info.plist */,
				00CE65DF1FBD885400C405C4 /* junchannnel.xcdatamodeld */,
			);
			path = junchannnel;
			sourceTree = "<group>";
		};
		00CE65EF1FBD885500C405C4 /* junchannnelTests */ = {
			isa = PBXGroup;
			children = (
				00CE65F01FBD885500C405C4 /* junchannnelTests.swift */,
				00CE65F21FBD885500C405C4 /* Info.plist */,
			);
			path = junchannnelTests;
			sourceTree = "<group>";
		};
		00CE65FA1FBD885500C405C4 /* junchannnelUITests */ = {
			isa = PBXGroup;
			children = (
				00CE65FB1FBD885500C405C4 /* junchannnelUITests.swift */,
				00CE65FD1FBD885500C405C4 /* Info.plist */,
			);
			path = junchannnelUITests;
			sourceTree = "<group>";
		};
/* End PBXGroup section */

/* Begin PBXNativeTarget section */
		00CE65D41FBD885400C405C4 /* junchannnel */ = {
			isa = PBXNativeTarget;
			buildConfigurationList = 00CE66001FBD885500C405C4 /* Build configuration list for PBXNativeTarget "junchannnel" */;
			buildPhases = (
				00CE65D11FBD885400C405C4 /* Sources */,
				00CE65D21FBD885400C405C4 /* Frameworks */,
				00CE65D31FBD885400C405C4 /* Resources */,
			);
			buildRules = (
			);
			dependencies = (
			);
			name = junchannnel;
			productName = junchannnel;
			productReference = 00CE65D51FBD885400C405C4 /* junchannnel.app */;
			productType = "com.apple.product-type.application";
		};
		00CE65EB1FBD885500C405C4 /* junchannnelTests */ = {
			isa = PBXNativeTarget;
			buildConfigurationList = 00CE66031FBD885500C405C4 /* Build configuration list for PBXNativeTarget "junchannnelTests" */;
			buildPhases = (
				00CE65E81FBD885500C405C4 /* Sources */,
				00CE65E91FBD885500C405C4 /* Frameworks */,
				00CE65EA1FBD885500C405C4 /* Resources */,
			);
			buildRules = (
			);
			dependencies = (
				00CE65EE1FBD885500C405C4 /* PBXTargetDependency */,
			);
			name = junchannnelTests;
			productName = junchannnelTests;
			productReference = 00CE65EC1FBD885500C405C4 /* junchannnelTests.xctest */;
			productType = "com.apple.product-type.bundle.unit-test";
		};
		00CE65F61FBD885500C405C4 /* junchannnelUITests */ = {
			isa = PBXNativeTarget;
			buildConfigurationList = 00CE66061FBD885500C405C4 /* Build configuration list for PBXNativeTarget "junchannnelUITests" */;
			buildPhases = (
				00CE65F31FBD885500C405C4 /* Sources */,
				00CE65F41FBD885500C405C4 /* Frameworks */,
				00CE65F51FBD885500C405C4 /* Resources */,
			);
			buildRules = (
			);
			dependencies = (
				00CE65F91FBD885500C405C4 /* PBXTargetDependency */,
			);
			name = junchannnelUITests;
			productName = junchannnelUITests;
			productReference = 00CE65F71FBD885500C405C4 /* junchannnelUITests.xctest */;
			productType = "com.apple.product-type.bundle.ui-testing";
		};
/* End PBXNativeTarget section */

/* Begin PBXProject section */
		00CE65CD1FBD885400C405C4 /* Project object */ = {
			isa = PBXProject;
			attributes = {
				LastSwiftUpdateCheck = 0910;
				LastUpgradeCheck = 0910;
				ORGANIZATIONNAME = " Takeya Kurose";
				TargetAttributes = {
					00CE65D41FBD885400C405C4 = {
						CreatedOnToolsVersion = 9.1;
						ProvisioningStyle = Automatic;
					};
					00CE65EB1FBD885500C405C4 = {
						CreatedOnToolsVersion = 9.1;
						ProvisioningStyle = Automatic;
						TestTargetID = 00CE65D41FBD885400C405C4;
					};
					00CE65F61FBD885500C405C4 = {
						CreatedOnToolsVersion = 9.1;
						ProvisioningStyle = Automatic;
						TestTargetID = 00CE65D41FBD885400C405C4;
					};
				};
			};
			buildConfigurationList = 00CE65D01FBD885400C405C4 /* Build configuration list for PBXProject "junchannnel" */;
			compatibilityVersion = "Xcode 8.0";
			developmentRegion = en;
			hasScannedForEncodings = 0;
			knownRegions = (
				en,
				Base,
			);
			mainGroup = 00CE65CC1FBD885400C405C4;
			productRefGroup = 00CE65D61FBD885400C405C4 /* Products */;
			projectDirPath = "";
			projectRoot = "";
			targets = (
				00CE65D41FBD885400C405C4 /* junchannnel */,
				00CE65EB1FBD885500C405C4 /* junchannnelTests */,
				00CE65F61FBD885500C405C4 /* junchannnelUITests */,
			);
		};
/* End PBXProject section */

/* Begin PBXResourcesBuildPhase section */
		00CE65D31FBD885400C405C4 /* Resources */ = {
			isa = PBXResourcesBuildPhase;
			buildActionMask = 2147483647;
			files = (
				00CE65E61FBD885400C405C4 /* LaunchScreen.storyboard in Resources */,
				00CE65E31FBD885400C405C4 /* Assets.xcassets in Resources */,
				00CE65DE1FBD885400C405C4 /* Main.storyboard in Resources */,
			);
			runOnlyForDeploymentPostprocessing = 0;
		};
		00CE65EA1FBD885500C405C4 /* Resources */ = {
			isa = PBXResourcesBuildPhase;
			buildActionMask = 2147483647;
			files = (
			);
			runOnlyForDeploymentPostprocessing = 0;
		};
		00CE65F51FBD885500C405C4 /* Resources */ = {
			isa = PBXResourcesBuildPhase;
			buildActionMask = 2147483647;
			files = (
			);
			runOnlyForDeploymentPostprocessing = 0;
		};
/* End PBXResourcesBuildPhase section */

/* Begin PBXSourcesBuildPhase section */
		00CE65D11FBD885400C405C4 /* Sources */ = {
			isa = PBXSourcesBuildPhase;
			buildActionMask = 2147483647;
			files = (
				00CE65DB1FBD885400C405C4 /* ViewController.swift in Sources */,
				00CE65E11FBD885400C405C4 /* junchannnel.xcdatamodeld in Sources */,
				00CE65D91FBD885400C405C4 /* AppDelegate.swift in Sources */,
			);
			runOnlyForDeploymentPostprocessing = 0;
		};
		00CE65E81FBD885500C405C4 /* Sources */ = {
			isa = PBXSourcesBuildPhase;
			buildActionMask = 2147483647;
			files = (
				00CE65F11FBD885500C405C4 /* junchannnelTests.swift in Sources */,
			);
			runOnlyForDeploymentPostprocessing = 0;
		};
		00CE65F31FBD885500C405C4 /* Sources */ = {
			isa = PBXSourcesBuildPhase;
			buildActionMask = 2147483647;
			files = (
				00CE65FC1FBD885500C405C4 /* junchannnelUITests.swift in Sources */,
			);
			runOnlyForDeploymentPostprocessing = 0;
		};
/* End PBXSourcesBuildPhase section */

/* Begin PBXTargetDependency section */
		00CE65EE1FBD885500C405C4 /* PBXTargetDependency */ = {
			isa = PBXTargetDependency;
			target = 00CE65D41FBD885400C405C4 /* junchannnel */;
			targetProxy = 00CE65ED1FBD885500C405C4 /* PBXContainerItemProxy */;
		};
		00CE65F91FBD885500C405C4 /* PBXTargetDependency */ = {
			isa = PBXTargetDependency;
			target = 00CE65D41FBD885400C405C4 /* junchannnel */;
			targetProxy = 00CE65F81FBD885500C405C4 /* PBXContainerItemProxy */;
		};
/* End PBXTargetDependency section */

/* Begin PBXVariantGroup section */
		00CE65DC1FBD885400C405C4 /* Main.storyboard */ = {
			isa = PBXVariantGroup;
			children = (
				00CE65DD1FBD885400C405C4 /* Base */,
			);
			name = Main.storyboard;
			sourceTree = "<group>";
		};
		00CE65E41FBD885400C405C4 /* LaunchScreen.storyboard */ = {
			isa = PBXVariantGroup;
			children = (
				00CE65E51FBD885400C405C4 /* Base */,
			);
			name = LaunchScreen.storyboard;
			sourceTree = "<group>";
		};
/* End PBXVariantGroup section */

/* Begin XCBuildConfiguration section */
		00CE65FE1FBD885500C405C4 /* Debug */ = {
			isa = XCBuildConfiguration;
			buildSettings = {
				ALWAYS_SEARCH_USER_PATHS = NO;
				CLANG_ANALYZER_NONNULL = YES;
				CLANG_ANALYZER_NUMBER_OBJECT_CONVERSION = YES_AGGRESSIVE;
				CLANG_CXX_LANGUAGE_STANDARD = "gnu++14";
				CLANG_CXX_LIBRARY = "libc++";
				CLANG_ENABLE_MODULES = YES;
				CLANG_ENABLE_OBJC_ARC = YES;
				CLANG_WARN_BLOCK_CAPTURE_AUTORELEASING = YES;
				CLANG_WARN_BOOL_CONVERSION = YES;
				CLANG_WARN_COMMA = YES;
				CLANG_WARN_CONSTANT_CONVERSION = YES;
				CLANG_WARN_DIRECT_OBJC_ISA_USAGE = YES_ERROR;
				CLANG_WARN_DOCUMENTATION_COMMENTS = YES;
				CLANG_WARN_EMPTY_BODY = YES;
				CLANG_WARN_ENUM_CONVERSION = YES;
				CLANG_WARN_INFINITE_RECURSION = YES;
				CLANG_WARN_INT_CONVERSION = YES;
				CLANG_WARN_NON_LITERAL_NULL_CONVERSION = YES;
				CLANG_WARN_OBJC_LITERAL_CONVERSION = YES;
				CLANG_WARN_OBJC_ROOT_CLASS = YES_ERROR;
				CLANG_WARN_RANGE_LOOP_ANALYSIS = YES;
				CLANG_WARN_STRICT_PROTOTYPES = YES;
				CLANG_WARN_SUSPICIOUS_MOVE = YES;
				CLANG_WARN_UNGUARDED_AVAILABILITY = YES_AGGRESSIVE;
				CLANG_WARN_UNREACHABLE_CODE = YES;
				CLANG_WARN__DUPLICATE_METHOD_MATCH = YES;
				CODE_SIGN_IDENTITY = "iPhone Developer";
				COPY_PHASE_STRIP = NO;
				DEBUG_INFORMATION_FORMAT = dwarf;
				ENABLE_STRICT_OBJC_MSGSEND = YES;
				ENABLE_TESTABILITY = YES;
				GCC_C_LANGUAGE_STANDARD = gnu11;
				GCC_DYNAMIC_NO_PIC = NO;
				GCC_NO_COMMON_BLOCKS = YES;
				GCC_OPTIMIZATION_LEVEL = 0;
				GCC_PREPROCESSOR_DEFINITIONS = (
					"DEBUG=1",
					"$(inherited)",
				);
				GCC_WARN_64_TO_32_BIT_CONVERSION = YES;
				GCC_WARN_ABOUT_RETURN_TYPE = YES_ERROR;
				GCC_WARN_UNDECLARED_SELECTOR = YES;
				GCC_WARN_UNINITIALIZED_AUTOS = YES_AGGRESSIVE;
				GCC_WARN_UNUSED_FUNCTION = YES;
				GCC_WARN_UNUSED_VARIABLE = YES;
				IPHONEOS_DEPLOYMENT_TARGET = 11.1;
				MTL_ENABLE_DEBUG_INFO = YES;
				ONLY_ACTIVE_ARCH = YES;
				SDKROOT = iphoneos;
				SWIFT_ACTIVE_COMPILATION_CONDITIONS = DEBUG;
				SWIFT_OPTIMIZATION_LEVEL = "-Onone";
			};
			name = Debug;
		};
		00CE65FF1FBD885500C405C4 /* Release */ = {
			isa = XCBuildConfiguration;
			buildSettings = {
				ALWAYS_SEARCH_USER_PATHS = NO;
				CLANG_ANALYZER_NONNULL = YES;
				CLANG_ANALYZER_NUMBER_OBJECT_CONVERSION = YES_AGGRESSIVE;
				CLANG_CXX_LANGUAGE_STANDARD = "gnu++14";
				CLANG_CXX_LIBRARY = "libc++";
				CLANG_ENABLE_MODULES = YES;
				CLANG_ENABLE_OBJC_ARC = YES;
				CLANG_WARN_BLOCK_CAPTURE_AUTORELEASING = YES;
				CLANG_WARN_BOOL_CONVERSION = YES;
				CLANG_WARN_COMMA = YES;
				CLANG_WARN_CONSTANT_CONVERSION = YES;
				CLANG_WARN_DIRECT_OBJC_ISA_USAGE = YES_ERROR;
				CLANG_WARN_DOCUMENTATION_COMMENTS = YES;
				CLANG_WARN_EMPTY_BODY = YES;
				CLANG_WARN_ENUM_CONVERSION = YES;
				CLANG_WARN_INFINITE_RECURSION = YES;
				CLANG_WARN_INT_CONVERSION = YES;
				CLANG_WARN_NON_LITERAL_NULL_CONVERSION = YES;
				CLANG_WARN_OBJC_LITERAL_CONVERSION = YES;
				CLANG_WARN_OBJC_ROOT_CLASS = YES_ERROR;
				CLANG_WARN_RANGE_LOOP_ANALYSIS = YES;
				CLANG_WARN_STRICT_PROTOTYPES = YES;
				CLANG_WARN_SUSPICIOUS_MOVE = YES;
				CLANG_WARN_UNGUARDED_AVAILABILITY = YES_AGGRESSIVE;
				CLANG_WARN_UNREACHABLE_CODE = YES;
				CLANG_WARN__DUPLICATE_METHOD_MATCH = YES;
				CODE_SIGN_IDENTITY = "iPhone Developer";
				COPY_PHASE_STRIP = NO;
				DEBUG_INFORMATION_FORMAT = "dwarf-with-dsym";
				ENABLE_NS_ASSERTIONS = NO;
				ENABLE_STRICT_OBJC_MSGSEND = YES;
				GCC_C_LANGUAGE_STANDARD = gnu11;
				GCC_NO_COMMON_BLOCKS = YES;
				GCC_WARN_64_TO_32_BIT_CONVERSION = YES;
				GCC_WARN_ABOUT_RETURN_TYPE = YES_ERROR;
				GCC_WARN_UNDECLARED_SELECTOR = YES;
				GCC_WARN_UNINITIALIZED_AUTOS = YES_AGGRESSIVE;
				GCC_WARN_UNUSED_FUNCTION = YES;
				GCC_WARN_UNUSED_VARIABLE = YES;
				IPHONEOS_DEPLOYMENT_TARGET = 11.1;
				MTL_ENABLE_DEBUG_INFO = NO;
				SDKROOT = iphoneos;
				SWIFT_OPTIMIZATION_LEVEL = "-Owholemodule";
				VALIDATE_PRODUCT = YES;
			};
			name = Release;
		};
		00CE66011FBD885500C405C4 /* Debug */ = {
			isa = XCBuildConfiguration;
			buildSettings = {
				ASSETCATALOG_COMPILER_APPICON_NAME = AppIcon;
				CODE_SIGN_STYLE = Automatic;
				DEVELOPMENT_TEAM = RZX255W7NE;
				INFOPLIST_FILE = junchannnel/Info.plist;
				LD_RUNPATH_SEARCH_PATHS = "$(inherited) @executable_path/Frameworks";
				PRODUCT_BUNDLE_IDENTIFIER = com.example.junchannnel;
				PRODUCT_NAME = "$(TARGET_NAME)";
				SWIFT_VERSION = 4.0;
				TARGETED_DEVICE_FAMILY = "1,2";
			};
			name = Debug;
		};
		00CE66021FBD885500C405C4 /* Release */ = {
			isa = XCBuildConfiguration;
			buildSettings = {
				ASSETCATALOG_COMPILER_APPICON_NAME = AppIcon;
				CODE_SIGN_STYLE = Automatic;
				DEVELOPMENT_TEAM = RZX255W7NE;
				INFOPLIST_FILE = junchannnel/Info.plist;
				LD_RUNPATH_SEARCH_PATHS = "$(inherited) @executable_path/Frameworks";
				PRODUCT_BUNDLE_IDENTIFIER = com.example.junchannnel;
				PRODUCT_NAME = "$(TARGET_NAME)";
				SWIFT_VERSION = 4.0;
				TARGETED_DEVICE_FAMILY = "1,2";
			};
			name = Release;
		};
		00CE66041FBD885500C405C4 /* Debug */ = {
			isa = XCBuildConfiguration;
			buildSettings = {
				ALWAYS_EMBED_SWIFT_STANDARD_LIBRARIES = YES;
				BUNDLE_LOADER = "$(TEST_HOST)";
				CODE_SIGN_STYLE = Automatic;
				DEVELOPMENT_TEAM = RZX255W7NE;
				INFOPLIST_FILE = junchannnelTests/Info.plist;
				LD_RUNPATH_SEARCH_PATHS = "$(inherited) @executable_path/Frameworks @loader_path/Frameworks";
				PRODUCT_BUNDLE_IDENTIFIER = com.example.junchannnelTests;
				PRODUCT_NAME = "$(TARGET_NAME)";
				SWIFT_VERSION = 4.0;
				TARGETED_DEVICE_FAMILY = "1,2";
				TEST_HOST = "$(BUILT_PRODUCTS_DIR)/junchannnel.app/junchannnel";
			};
			name = Debug;
		};
		00CE66051FBD885500C405C4 /* Release */ = {
			isa = XCBuildConfiguration;
			buildSettings = {
				ALWAYS_EMBED_SWIFT_STANDARD_LIBRARIES = YES;
				BUNDLE_LOADER = "$(TEST_HOST)";
				CODE_SIGN_STYLE = Automatic;
				DEVELOPMENT_TEAM = RZX255W7NE;
				INFOPLIST_FILE = junchannnelTests/Info.plist;
				LD_RUNPATH_SEARCH_PATHS = "$(inherited) @executable_path/Frameworks @loader_path/Frameworks";
				PRODUCT_BUNDLE_IDENTIFIER = com.example.junchannnelTests;
				PRODUCT_NAME = "$(TARGET_NAME)";
				SWIFT_VERSION = 4.0;
				TARGETED_DEVICE_FAMILY = "1,2";
				TEST_HOST = "$(BUILT_PRODUCTS_DIR)/junchannnel.app/junchannnel";
			};
			name = Release;
		};
		00CE66071FBD885500C405C4 /* Debug */ = {
			isa = XCBuildConfiguration;
			buildSettings = {
				ALWAYS_EMBED_SWIFT_STANDARD_LIBRARIES = YES;
				CODE_SIGN_STYLE = Automatic;
				DEVELOPMENT_TEAM = RZX255W7NE;
				INFOPLIST_FILE = junchannnelUITests/Info.plist;
				LD_RUNPATH_SEARCH_PATHS = "$(inherited) @executable_path/Frameworks @loader_path/Frameworks";
				PRODUCT_BUNDLE_IDENTIFIER = com.example.junchannnelUITests;
				PRODUCT_NAME = "$(TARGET_NAME)";
				SWIFT_VERSION = 4.0;
				TARGETED_DEVICE_FAMILY = "1,2";
				TEST_TARGET_NAME = junchannnel;
			};
			name = Debug;
		};
		00CE66081FBD885500C405C4 /* Release */ = {
			isa = XCBuildConfiguration;
			buildSettings = {
				ALWAYS_EMBED_SWIFT_STANDARD_LIBRARIES = YES;
				CODE_SIGN_STYLE = Automatic;
				DEVELOPMENT_TEAM = RZX255W7NE;
				INFOPLIST_FILE = junchannnelUITests/Info.plist;
				LD_RUNPATH_SEARCH_PATHS = "$(inherited) @executable_path/Frameworks @loader_path/Frameworks";
				PRODUCT_BUNDLE_IDENTIFIER = com.example.junchannnelUITests;
				PRODUCT_NAME = "$(TARGET_NAME)";
				SWIFT_VERSION = 4.0;
				TARGETED_DEVICE_FAMILY = "1,2";
				TEST_TARGET_NAME = junchannnel;
			};
			name = Release;
		};
/* End XCBuildConfiguration section */

/* Begin XCConfigurationList section */
		00CE65D01FBD885400C405C4 /* Build configuration list for PBXProject "junchannnel" */ = {
			isa = XCConfigurationList;
			buildConfigurations = (
				00CE65FE1FBD885500C405C4 /* Debug */,
				00CE65FF1FBD885500C405C4 /* Release */,
			);
			defaultConfigurationIsVisible = 0;
			defaultConfigurationName = Release;
		};
		00CE66001FBD885500C405C4 /* Build configuration list for PBXNativeTarget "junchannnel" */ = {
			isa = XCConfigurationList;
			buildConfigurations = (
				00CE66011FBD885500C405C4 /* Debug */,
				00CE66021FBD885500C405C4 /* Release */,
			);
			defaultConfigurationIsVisible = 0;
			defaultConfigurationName = Release;
		};
		00CE66031FBD885500C405C4 /* Build configuration list for PBXNativeTarget "junchannnelTests" */ = {
			isa = XCConfigurationList;
			buildConfigurations = (
				00CE66041FBD885500C405C4 /* Debug */,
				00CE66051FBD885500C405C4 /* Release */,
			);
			defaultConfigurationIsVisible = 0;
			defaultConfigurationName = Release;
		};
		00CE66061FBD885500C405C4 /* Build configuration list for PBXNativeTarget "junchannnelUITests" */ = {
			isa = XCConfigurationList;
			buildConfigurations = (
				00CE66071FBD885500C405C4 /* Debug */,
				00CE66081FBD885500C405C4 /* Release */,
			);
			defaultConfigurationIsVisible = 0;
			defaultConfigurationName = Release;
		};
/* End XCConfigurationList section */

/* Begin XCVersionGroup section */
		00CE65DF1FBD885400C405C4 /* junchannnel.xcdatamodeld */ = {
			isa = XCVersionGroup;
			children = (
				00CE65E01FBD885400C405C4 /* junchannnel.xcdatamodel */,
			);
			currentVersion = 00CE65E01FBD885400C405C4 /* junchannnel.xcdatamodel */;
			path = junchannnel.xcdatamodeld;
			sourceTree = "<group>";
			versionGroupType = wrapper.xcdatamodel;
		};
/* End XCVersionGroup section */
	};
	rootObject = 00CE65CD1FBD885400C405C4 /* Project object */;
}
